// !$*UTF8*$!
{
	archiveVersion = 1;
	classes = {
	};
	objectVersion = 55;
	objects = {

/* Begin PBXBuildFile section */
		0EA0590B273E2DAD00A006E7 /* AppDelegate.swift in Sources */ = {isa = PBXBuildFile; fileRef = 0EA0590A273E2DAD00A006E7 /* AppDelegate.swift */; };
		0EA0590D273E2DAD00A006E7 /* SceneDelegate.swift in Sources */ = {isa = PBXBuildFile; fileRef = 0EA0590C273E2DAD00A006E7 /* SceneDelegate.swift */; };
		0EA0590F273E2DAD00A006E7 /* ViewController.swift in Sources */ = {isa = PBXBuildFile; fileRef = 0EA0590E273E2DAD00A006E7 /* ViewController.swift */; };
		0EA05912273E2DAD00A006E7 /* Main.storyboard in Resources */ = {isa = PBXBuildFile; fileRef = 0EA05910273E2DAD00A006E7 /* Main.storyboard */; };
		0EA05914273E2DAF00A006E7 /* Assets.xcassets in Resources */ = {isa = PBXBuildFile; fileRef = 0EA05913273E2DAF00A006E7 /* Assets.xcassets */; };
		0EA05917273E2DAF00A006E7 /* LaunchScreen.storyboard in Resources */ = {isa = PBXBuildFile; fileRef = 0EA05915273E2DAF00A006E7 /* LaunchScreen.storyboard */; };
		0EA0591F273E2E4400A006E7 /* PreviewView.swift in Sources */ = {isa = PBXBuildFile; fileRef = 0EA0591E273E2E4400A006E7 /* PreviewView.swift */; };
		2C2CA97AA3D6AC8813FAD136 /* Pods_Camera_Sample.framework in Frameworks */ = {isa = PBXBuildFile; fileRef = 5E2D42C815D92E79F3C50DC9 /* Pods_Camera_Sample.framework */; };
/* End PBXBuildFile section */

/* Begin PBXFileReference section */
		0EA05907273E2DAD00A006E7 /* Camera_Sample.app */ = {isa = PBXFileReference; explicitFileType = wrapper.application; includeInIndex = 0; path = Camera_Sample.app; sourceTree = BUILT_PRODUCTS_DIR; };
		0EA0590A273E2DAD00A006E7 /* AppDelegate.swift */ = {isa = PBXFileReference; lastKnownFileType = sourcecode.swift; path = AppDelegate.swift; sourceTree = "<group>"; };
		0EA0590C273E2DAD00A006E7 /* SceneDelegate.swift */ = {isa = PBXFileReference; lastKnownFileType = sourcecode.swift; path = SceneDelegate.swift; sourceTree = "<group>"; };
		0EA0590E273E2DAD00A006E7 /* ViewController.swift */ = {isa = PBXFileReference; lastKnownFileType = sourcecode.swift; path = ViewController.swift; sourceTree = "<group>"; };
		0EA05911273E2DAD00A006E7 /* Base */ = {isa = PBXFileReference; lastKnownFileType = file.storyboard; name = Base; path = Base.lproj/Main.storyboard; sourceTree = "<group>"; };
		0EA05913273E2DAF00A006E7 /* Assets.xcassets */ = {isa = PBXFileReference; lastKnownFileType = folder.assetcatalog; path = Assets.xcassets; sourceTree = "<group>"; };
		0EA05916273E2DAF00A006E7 /* Base */ = {isa = PBXFileReference; lastKnownFileType = file.storyboard; name = Base; path = Base.lproj/LaunchScreen.storyboard; sourceTree = "<group>"; };
		0EA05918273E2DAF00A006E7 /* Info.plist */ = {isa = PBXFileReference; lastKnownFileType = text.plist.xml; path = Info.plist; sourceTree = "<group>"; };
		0EA0591E273E2E4400A006E7 /* PreviewView.swift */ = {isa = PBXFileReference; lastKnownFileType = sourcecode.swift; path = PreviewView.swift; sourceTree = "<group>"; };
		5B2D5F761E8A26D310588924 /* Pods-Camera_Sample.debug.xcconfig */ = {isa = PBXFileReference; includeInIndex = 1; lastKnownFileType = text.xcconfig; name = "Pods-Camera_Sample.debug.xcconfig"; path = "Target Support Files/Pods-Camera_Sample/Pods-Camera_Sample.debug.xcconfig"; sourceTree = "<group>"; };
		5E2D42C815D92E79F3C50DC9 /* Pods_Camera_Sample.framework */ = {isa = PBXFileReference; explicitFileType = wrapper.framework; includeInIndex = 0; path = Pods_Camera_Sample.framework; sourceTree = BUILT_PRODUCTS_DIR; };
		61C50DC3FD028E3E635F49E0 /* Pods-Camera_Sample.release.xcconfig */ = {isa = PBXFileReference; includeInIndex = 1; lastKnownFileType = text.xcconfig; name = "Pods-Camera_Sample.release.xcconfig"; path = "Target Support Files/Pods-Camera_Sample/Pods-Camera_Sample.release.xcconfig"; sourceTree = "<group>"; };
/* End PBXFileReference section */

/* Begin PBXFrameworksBuildPhase section */
		0EA05904273E2DAD00A006E7 /* Frameworks */ = {
			isa = PBXFrameworksBuildPhase;
			buildActionMask = 2147483647;
			files = (
				2C2CA97AA3D6AC8813FAD136 /* Pods_Camera_Sample.framework in Frameworks */,
			);
			runOnlyForDeploymentPostprocessing = 0;
		};
/* End PBXFrameworksBuildPhase section */

/* Begin PBXGroup section */
		0EA058FE273E2DAD00A006E7 = {
			isa = PBXGroup;
			children = (
				0EA05909273E2DAD00A006E7 /* Camera_Sample */,
				0EA05908273E2DAD00A006E7 /* Products */,
				C05DB83D91A8079C75F9EC04 /* Pods */,
				AC3413E88AFFC2945F1ACDEE /* Frameworks */,
			);
			sourceTree = "<group>";
		};
		0EA05908273E2DAD00A006E7 /* Products */ = {
			isa = PBXGroup;
			children = (
				0EA05907273E2DAD00A006E7 /* Camera_Sample.app */,
			);
			name = Products;
			sourceTree = "<group>";
		};
		0EA05909273E2DAD00A006E7 /* Camera_Sample */ = {
			isa = PBXGroup;
			children = (
				0EA0590A273E2DAD00A006E7 /* AppDelegate.swift */,
				0EA0590C273E2DAD00A006E7 /* SceneDelegate.swift */,
				0EA0590E273E2DAD00A006E7 /* ViewController.swift */,
				0EA0591E273E2E4400A006E7 /* PreviewView.swift */,
				0EA05910273E2DAD00A006E7 /* Main.storyboard */,
				0EA05913273E2DAF00A006E7 /* Assets.xcassets */,
				0EA05915273E2DAF00A006E7 /* LaunchScreen.storyboard */,
				0EA05918273E2DAF00A006E7 /* Info.plist */,
			);
			path = Camera_Sample;
			sourceTree = "<group>";
		};
		AC3413E88AFFC2945F1ACDEE /* Frameworks */ = {
			isa = PBXGroup;
			children = (
				5E2D42C815D92E79F3C50DC9 /* Pods_Camera_Sample.framework */,
			);
			name = Frameworks;
			sourceTree = "<group>";
		};
		C05DB83D91A8079C75F9EC04 /* Pods */ = {
			isa = PBXGroup;
			children = (
				5B2D5F761E8A26D310588924 /* Pods-Camera_Sample.debug.xcconfig */,
				61C50DC3FD028E3E635F49E0 /* Pods-Camera_Sample.release.xcconfig */,
			);
			name = Pods;
			path = Pods;
			sourceTree = "<group>";
		};
/* End PBXGroup section */

/* Begin PBXNativeTarget section */
		0EA05906273E2DAD00A006E7 /* Camera_Sample */ = {
			isa = PBXNativeTarget;
			buildConfigurationList = 0EA0591B273E2DAF00A006E7 /* Build configuration list for PBXNativeTarget "Camera_Sample" */;
			buildPhases = (
				CCCE0307EA26D615C0A904B7 /* [CP] Check Pods Manifest.lock */,
				0EA05903273E2DAD00A006E7 /* Sources */,
				0EA05904273E2DAD00A006E7 /* Frameworks */,
				0EA05905273E2DAD00A006E7 /* Resources */,
				D8AA5BC86110FA04BD1E5F38 /* [CP] Embed Pods Frameworks */,
			);
			buildRules = (
			);
			dependencies = (
			);
			name = Camera_Sample;
			productName = Camera_Sample;
			productReference = 0EA05907273E2DAD00A006E7 /* Camera_Sample.app */;
			productType = "com.apple.product-type.application";
		};
/* End PBXNativeTarget section */

/* Begin PBXProject section */
		0EA058FF273E2DAD00A006E7 /* Project object */ = {
			isa = PBXProject;
			attributes = {
				BuildIndependentTargetsInParallel = 1;
				LastSwiftUpdateCheck = 1300;
				LastUpgradeCheck = 1300;
				TargetAttributes = {
					0EA05906273E2DAD00A006E7 = {
						CreatedOnToolsVersion = 13.0;
					};
				};
			};
			buildConfigurationList = 0EA05902273E2DAD00A006E7 /* Build configuration list for PBXProject "Camera_Sample" */;
			compatibilityVersion = "Xcode 13.0";
			developmentRegion = en;
			hasScannedForEncodings = 0;
			knownRegions = (
				en,
				Base,
			);
			mainGroup = 0EA058FE273E2DAD00A006E7;
			productRefGroup = 0EA05908273E2DAD00A006E7 /* Products */;
			projectDirPath = "";
			projectRoot = "";
			targets = (
				0EA05906273E2DAD00A006E7 /* Camera_Sample */,
			);
		};
/* End PBXProject section */

/* Begin PBXResourcesBuildPhase section */
		0EA05905273E2DAD00A006E7 /* Resources */ = {
			isa = PBXResourcesBuildPhase;
			buildActionMask = 2147483647;
			files = (
				0EA05917273E2DAF00A006E7 /* LaunchScreen.storyboard in Resources */,
				0EA05914273E2DAF00A006E7 /* Assets.xcassets in Resources */,
				0EA05912273E2DAD00A006E7 /* Main.storyboard in Resources */,
			);
			runOnlyForDeploymentPostprocessing = 0;
		};
/* End PBXResourcesBuildPhase section */

/* Begin PBXShellScriptBuildPhase section */
		CCCE0307EA26D615C0A904B7 /* [CP] Check Pods Manifest.lock */ = {
			isa = PBXShellScriptBuildPhase;
			buildActionMask = 2147483647;
			files = (
			);
			inputFileListPaths = (
			);
			inputPaths = (
				"${PODS_PODFILE_DIR_PATH}/Podfile.lock",
				"${PODS_ROOT}/Manifest.lock",
			);
			name = "[CP] Check Pods Manifest.lock";
			outputFileListPaths = (
			);
			outputPaths = (
				"$(DERIVED_FILE_DIR)/Pods-Camera_Sample-checkManifestLockResult.txt",
			);
			runOnlyForDeploymentPostprocessing = 0;
			shellPath = /bin/sh;
			shellScript = "diff \"${PODS_PODFILE_DIR_PATH}/Podfile.lock\" \"${PODS_ROOT}/Manifest.lock\" > /dev/null\nif [ $? != 0 ] ; then\n    # print error to STDERR\n    echo \"error: The sandbox is not in sync with the Podfile.lock. Run 'pod install' or update your CocoaPods installation.\" >&2\n    exit 1\nfi\n# This output is used by Xcode 'outputs' to avoid re-running this script phase.\necho \"SUCCESS\" > \"${SCRIPT_OUTPUT_FILE_0}\"\n";
			showEnvVarsInLog = 0;
		};
		D8AA5BC86110FA04BD1E5F38 /* [CP] Embed Pods Frameworks */ = {
			isa = PBXShellScriptBuildPhase;
			buildActionMask = 2147483647;
			files = (
			);
			inputFileListPaths = (
				"${PODS_ROOT}/Target Support Files/Pods-Camera_Sample/Pods-Camera_Sample-frameworks-${CONFIGURATION}-input-files.xcfilelist",
			);
			name = "[CP] Embed Pods Frameworks";
			outputFileListPaths = (
				"${PODS_ROOT}/Target Support Files/Pods-Camera_Sample/Pods-Camera_Sample-frameworks-${CONFIGURATION}-output-files.xcfilelist",
			);
			runOnlyForDeploymentPostprocessing = 0;
			shellPath = /bin/sh;
			shellScript = "\"${PODS_ROOT}/Target Support Files/Pods-Camera_Sample/Pods-Camera_Sample-frameworks.sh\"\n";
			showEnvVarsInLog = 0;
		};
/* End PBXShellScriptBuildPhase section */

/* Begin PBXSourcesBuildPhase section */
		0EA05903273E2DAD00A006E7 /* Sources */ = {
			isa = PBXSourcesBuildPhase;
			buildActionMask = 2147483647;
			files = (
				0EA0590F273E2DAD00A006E7 /* ViewController.swift in Sources */,
				0EA0591F273E2E4400A006E7 /* PreviewView.swift in Sources */,
				0EA0590B273E2DAD00A006E7 /* AppDelegate.swift in Sources */,
				0EA0590D273E2DAD00A006E7 /* SceneDelegate.swift in Sources */,
			);
			runOnlyForDeploymentPostprocessing = 0;
		};
/* End PBXSourcesBuildPhase section */

/* Begin PBXVariantGroup section */
		0EA05910273E2DAD00A006E7 /* Main.storyboard */ = {
			isa = PBXVariantGroup;
			children = (
				0EA05911273E2DAD00A006E7 /* Base */,
			);
			name = Main.storyboard;
			sourceTree = "<group>";
		};
		0EA05915273E2DAF00A006E7 /* LaunchScreen.storyboard */ = {
			isa = PBXVariantGroup;
			children = (
				0EA05916273E2DAF00A006E7 /* Base */,
			);
			name = LaunchScreen.storyboard;
			sourceTree = "<group>";
		};
/* End PBXVariantGroup section */

/* Begin XCBuildConfiguration section */
		0EA05919273E2DAF00A006E7 /* Debug */ = {
			isa = XCBuildConfiguration;
			buildSettings = {
				ALWAYS_SEARCH_USER_PATHS = NO;
				CLANG_ANALYZER_NONNULL = YES;
				CLANG_ANALYZER_NUMBER_OBJECT_CONVERSION = YES_AGGRESSIVE;
				CLANG_CXX_LANGUAGE_STANDARD = "gnu++17";
				CLANG_CXX_LIBRARY = "libc++";
				CLANG_ENABLE_MODULES = YES;
				CLANG_ENABLE_OBJC_ARC = YES;
				CLANG_ENABLE_OBJC_WEAK = YES;
				CLANG_WARN_BLOCK_CAPTURE_AUTORELEASING = YES;
				CLANG_WARN_BOOL_CONVERSION = YES;
				CLANG_WARN_COMMA = YES;
				CLANG_WARN_CONSTANT_CONVERSION = YES;
				CLANG_WARN_DEPRECATED_OBJC_IMPLEMENTATIONS = YES;
				CLANG_WARN_DIRECT_OBJC_ISA_USAGE = YES_ERROR;
				CLANG_WARN_DOCUMENTATION_COMMENTS = YES;
				CLANG_WARN_EMPTY_BODY = YES;
				CLANG_WARN_ENUM_CONVERSION = YES;
				CLANG_WARN_INFINITE_RECURSION = YES;
				CLANG_WARN_INT_CONVERSION = YES;
				CLANG_WARN_NON_LITERAL_NULL_CONVERSION = YES;
				CLANG_WARN_OBJC_IMPLICIT_RETAIN_SELF = YES;
				CLANG_WARN_OBJC_LITERAL_CONVERSION = YES;
				CLANG_WARN_OBJC_ROOT_CLASS = YES_ERROR;
				CLANG_WARN_QUOTED_INCLUDE_IN_FRAMEWORK_HEADER = YES;
				CLANG_WARN_RANGE_LOOP_ANALYSIS = YES;
				CLANG_WARN_STRICT_PROTOTYPES = YES;
				CLANG_WARN_SUSPICIOUS_MOVE = YES;
				CLANG_WARN_UNGUARDED_AVAILABILITY = YES_AGGRESSIVE;
				CLANG_WARN_UNREACHABLE_CODE = YES;
				CLANG_WARN__DUPLICATE_METHOD_MATCH = YES;
				COPY_PHASE_STRIP = NO;
				DEBUG_INFORMATION_FORMAT = dwarf;
				ENABLE_STRICT_OBJC_MSGSEND = YES;
				ENABLE_TESTABILITY = YES;
				GCC_C_LANGUAGE_STANDARD = gnu11;
				GCC_DYNAMIC_NO_PIC = NO;
				GCC_NO_COMMON_BLOCKS = YES;
				GCC_OPTIMIZATION_LEVEL = 0;
				GCC_PREPROCESSOR_DEFINITIONS = (
					"DEBUG=1",
					"$(inherited)",
				);
				GCC_WARN_64_TO_32_BIT_CONVERSION = YES;
				GCC_WARN_ABOUT_RETURN_TYPE = YES_ERROR;
				GCC_WARN_UNDECLARED_SELECTOR = YES;
				GCC_WARN_UNINITIALIZED_AUTOS = YES_AGGRESSIVE;
				GCC_WARN_UNUSED_FUNCTION = YES;
				GCC_WARN_UNUSED_VARIABLE = YES;
				IPHONEOS_DEPLOYMENT_TARGET = 15.0;
				MTL_ENABLE_DEBUG_INFO = INCLUDE_SOURCE;
				MTL_FAST_MATH = YES;
				ONLY_ACTIVE_ARCH = YES;
				SDKROOT = iphoneos;
				SWIFT_ACTIVE_COMPILATION_CONDITIONS = DEBUG;
				SWIFT_OPTIMIZATION_LEVEL = "-Onone";
			};
			name = Debug;
		};
		0EA0591A273E2DAF00A006E7 /* Release */ = {
			isa = XCBuildConfiguration;
			buildSettings = {
				ALWAYS_SEARCH_USER_PATHS = NO;
				CLANG_ANALYZER_NONNULL = YES;
				CLANG_ANALYZER_NUMBER_OBJECT_CONVERSION = YES_AGGRESSIVE;
				CLANG_CXX_LANGUAGE_STANDARD = "gnu++17";
				CLANG_CXX_LIBRARY = "libc++";
				CLANG_ENABLE_MODULES = YES;
				CLANG_ENABLE_OBJC_ARC = YES;
				CLANG_ENABLE_OBJC_WEAK = YES;
				CLANG_WARN_BLOCK_CAPTURE_AUTORELEASING = YES;
				CLANG_WARN_BOOL_CONVERSION = YES;
				CLANG_WARN_COMMA = YES;
				CLANG_WARN_CONSTANT_CONVERSION = YES;
				CLANG_WARN_DEPRECATED_OBJC_IMPLEMENTATIONS = YES;
				CLANG_WARN_DIRECT_OBJC_ISA_USAGE = YES_ERROR;
				CLANG_WARN_DOCUMENTATION_COMMENTS = YES;
				CLANG_WARN_EMPTY_BODY = YES;
				CLANG_WARN_ENUM_CONVERSION = YES;
				CLANG_WARN_INFINITE_RECURSION = YES;
				CLANG_WARN_INT_CONVERSION = YES;
				CLANG_WARN_NON_LITERAL_NULL_CONVERSION = YES;
				CLANG_WARN_OBJC_IMPLICIT_RETAIN_SELF = YES;
				CLANG_WARN_OBJC_LITERAL_CONVERSION = YES;
				CLANG_WARN_OBJC_ROOT_CLASS = YES_ERROR;
				CLANG_WARN_QUOTED_INCLUDE_IN_FRAMEWORK_HEADER = YES;
				CLANG_WARN_RANGE_LOOP_ANALYSIS = YES;
				CLANG_WARN_STRICT_PROTOTYPES = YES;
				CLANG_WARN_SUSPICIOUS_MOVE = YES;
				CLANG_WARN_UNGUARDED_AVAILABILITY = YES_AGGRESSIVE;
				CLANG_WARN_UNREACHABLE_CODE = YES;
				CLANG_WARN__DUPLICATE_METHOD_MATCH = YES;
				COPY_PHASE_STRIP = NO;
				DEBUG_INFORMATION_FORMAT = "dwarf-with-dsym";
				ENABLE_NS_ASSERTIONS = NO;
				ENABLE_STRICT_OBJC_MSGSEND = YES;
				GCC_C_LANGUAGE_STANDARD = gnu11;
				GCC_NO_COMMON_BLOCKS = YES;
				GCC_WARN_64_TO_32_BIT_CONVERSION = YES;
				GCC_WARN_ABOUT_RETURN_TYPE = YES_ERROR;
				GCC_WARN_UNDECLARED_SELECTOR = YES;
				GCC_WARN_UNINITIALIZED_AUTOS = YES_AGGRESSIVE;
				GCC_WARN_UNUSED_FUNCTION = YES;
				GCC_WARN_UNUSED_VARIABLE = YES;
				IPHONEOS_DEPLOYMENT_TARGET = 15.0;
				MTL_ENABLE_DEBUG_INFO = NO;
				MTL_FAST_MATH = YES;
				SDKROOT = iphoneos;
				SWIFT_COMPILATION_MODE = wholemodule;
				SWIFT_OPTIMIZATION_LEVEL = "-O";
				VALIDATE_PRODUCT = YES;
			};
			name = Release;
		};
		0EA0591C273E2DAF00A006E7 /* Debug */ = {
			isa = XCBuildConfiguration;
			baseConfigurationReference = 5B2D5F761E8A26D310588924 /* Pods-Camera_Sample.debug.xcconfig */;
			buildSettings = {
				ASSETCATALOG_COMPILER_APPICON_NAME = AppIcon;
				ASSETCATALOG_COMPILER_GLOBAL_ACCENT_COLOR_NAME = AccentColor;
				CODE_SIGN_STYLE = Automatic;
				CURRENT_PROJECT_VERSION = 1;
				DEVELOPMENT_TEAM = STJ3K84EP5;
				GENERATE_INFOPLIST_FILE = YES;
				INFOPLIST_FILE = Camera_Sample/Info.plist;
				INFOPLIST_KEY_CFBundleDisplayName = Camera_Sample;
				INFOPLIST_KEY_NSCameraUsageDescription = "캠 ues the carmera to take photos and video";
				INFOPLIST_KEY_NSPhotoLibraryUsageDescription = "photo library 접근권한 왜 안나옴??";
				INFOPLIST_KEY_UIApplicationSupportsIndirectInputEvents = YES;
				INFOPLIST_KEY_UILaunchStoryboardName = LaunchScreen;
				INFOPLIST_KEY_UIMainStoryboardFile = Main;
				INFOPLIST_KEY_UISupportedInterfaceOrientations_iPad = "UIInterfaceOrientationPortrait UIInterfaceOrientationPortraitUpsideDown UIInterfaceOrientationLandscapeLeft UIInterfaceOrientationLandscapeRight";
				INFOPLIST_KEY_UISupportedInterfaceOrientations_iPhone = "UIInterfaceOrientationPortrait UIInterfaceOrientationLandscapeLeft UIInterfaceOrientationLandscapeRight";
				LD_RUNPATH_SEARCH_PATHS = (
					"$(inherited)",
					"@executable_path/Frameworks",
				);
				MARKETING_VERSION = 1.0;
				PRODUCT_BUNDLE_IDENTIFIER = "com.thinkm.bix.Camera-Sample";
				PRODUCT_NAME = "$(TARGET_NAME)";
				SWIFT_EMIT_LOC_STRINGS = YES;
				SWIFT_VERSION = 5.0;
				TARGETED_DEVICE_FAMILY = "1,2";
			};
			name = Debug;
		};
		0EA0591D273E2DAF00A006E7 /* Release */ = {
			isa = XCBuildConfiguration;
			baseConfigurationReference = 61C50DC3FD028E3E635F49E0 /* Pods-Camera_Sample.release.xcconfig */;
			buildSettings = {
				ASSETCATALOG_COMPILER_APPICON_NAME = AppIcon;
				ASSETCATALOG_COMPILER_GLOBAL_ACCENT_COLOR_NAME = AccentColor;
				CODE_SIGN_STYLE = Automatic;
				CURRENT_PROJECT_VERSION = 1;
				DEVELOPMENT_TEAM = STJ3K84EP5;
				GENERATE_INFOPLIST_FILE = YES;
				INFOPLIST_FILE = Camera_Sample/Info.plist;
				INFOPLIST_KEY_CFBundleDisplayName = Camera_Sample;
				INFOPLIST_KEY_NSCameraUsageDescription = "캠 ues the carmera to take photos and video";
				INFOPLIST_KEY_NSPhotoLibraryUsageDescription = "photo library 접근권한 왜 안나옴??";
				INFOPLIST_KEY_UIApplicationSupportsIndirectInputEvents = YES;
				INFOPLIST_KEY_UILaunchStoryboardName = LaunchScreen;
				INFOPLIST_KEY_UIMainStoryboardFile = Main;
				INFOPLIST_KEY_UISupportedInterfaceOrientations_iPad = "UIInterfaceOrientationPortrait UIInterfaceOrientationPortraitUpsideDown UIInterfaceOrientationLandscapeLeft UIInterfaceOrientationLandscapeRight";
				INFOPLIST_KEY_UISupportedInterfaceOrientations_iPhone = "UIInterfaceOrientationPortrait UIInterfaceOrientationLandscapeLeft UIInterfaceOrientationLandscapeRight";
				LD_RUNPATH_SEARCH_PATHS = (
					"$(inherited)",
					"@executable_path/Frameworks",
				);
				MARKETING_VERSION = 1.0;
				PRODUCT_BUNDLE_IDENTIFIER = "com.thinkm.bix.Camera-Sample";
				PRODUCT_NAME = "$(TARGET_NAME)";
				SWIFT_EMIT_LOC_STRINGS = YES;
				SWIFT_VERSION = 5.0;
				TARGETED_DEVICE_FAMILY = "1,2";
			};
			name = Release;
		};
/* End XCBuildConfiguration section */

/* Begin XCConfigurationList section */
		0EA05902273E2DAD00A006E7 /* Build configuration list for PBXProject "Camera_Sample" */ = {
			isa = XCConfigurationList;
			buildConfigurations = (
				0EA05919273E2DAF00A006E7 /* Debug */,
				0EA0591A273E2DAF00A006E7 /* Release */,
			);
			defaultConfigurationIsVisible = 0;
			defaultConfigurationName = Release;
		};
		0EA0591B273E2DAF00A006E7 /* Build configuration list for PBXNativeTarget "Camera_Sample" */ = {
			isa = XCConfigurationList;
			buildConfigurations = (
				0EA0591C273E2DAF00A006E7 /* Debug */,
				0EA0591D273E2DAF00A006E7 /* Release */,
			);
			defaultConfigurationIsVisible = 0;
			defaultConfigurationName = Release;
		};
/* End XCConfigurationList section */
	};
	rootObject = 0EA058FF273E2DAD00A006E7 /* Project object */;
}
